# THIS IS AN AUTOGENERATED FILE. DO NOT EDIT THIS FILE DIRECTLY.
# yarn lockfile v1


"@ganker/utils@^0.1.1":
  version "0.1.1"
  resolved "https://registry.yarnpkg.com/@ganker/utils/-/utils-0.1.1.tgz#ca379de8914455c04662111baea8dfeaea1ab822"
  integrity sha512-cQDwXCoZJCxAz1L4tV8H6kn2vS2nF7Uab7xYhRUjJJHo1ug/rV3RUal1wmaeOO44JZUxhawlvyhTT/Y3NL2q0Q==

"@nger/decorator@^1.1.1":
  version "1.1.1"
  resolved "https://registry.yarnpkg.com/@nger/decorator/-/decorator-1.1.1.tgz#dd148ec7f452c9d342bfda058aaae83b5763dfe6"
  integrity sha512-r75jHtunMyNeOaykCkqXfyAuGeBZCVojk72NPsRK+mfIg5wIra/cOcEqFy+KA/hzsoQtujwEjG8iuYgGGihX0Q==
  dependencies:
    reflect-metadata "^0.1.13"

"@nger/plain@^1.1.1":
  version "1.1.1"
  resolved "https://registry.yarnpkg.com/@nger/plain/-/plain-1.1.1.tgz#3ce06d3e1faa39c070d90f9d8c57d233330083b8"
  integrity sha512-ERK05lMBPDVVeqprtHjmgfRYID3paTXv5n5XsiU+Q0VHZluCatE8cpd9vGORHmnbKqpCLELhLruOsPRKOWHtdg==
  dependencies:
    "@nger/decorator" "^1.1.1"

reflect-metadata@^0.1.13:
  version "0.1.13"
  resolved "https://registry.yarnpkg.com/reflect-metadata/-/reflect-metadata-0.1.13.tgz#67ae3ca57c972a2aa1642b10fe363fe32d49dc08"
  integrity sha512-Ts1Y/anZELhSsjMcU605fU9RE4Oi3p5ORujwbIKXfWa+0Zxs510Qrmrce5/Jowq3cHSZSJqBjypxmHarc+vEWg==

typescript@^3.7.3:
  version "3.7.3"
  resolved "https://registry.yarnpkg.com/typescript/-/typescript-3.7.3.tgz#b36840668a16458a7025b9eabfad11b66ab85c69"
  integrity sha512-Mcr/Qk7hXqFBXMN7p7Lusj1ktCBydylfQM/FZCk5glCNQJrCUKPkMHdo9R0MTFWsC/4kPFvDS0fDPvukfCkFsw==
