# THIS IS AN AUTOGENERATED FILE. DO NOT EDIT THIS FILE DIRECTLY.
# yarn lockfile v1


"@nger/decorator@^1.0.1":
  version "1.0.1"
  resolved "https://registry.yarnpkg.com/@nger/decorator/-/decorator-1.0.1.tgz#cf8a6de46c920106c908e1ac27d952f4d3105253"
  integrity sha512-SUvkJZ7twApLjYGhmKSzw2RsJrHqe4FfBeSRnIjucV38lHwXlbkXIEFTDs9F8U6qtlBifU9KaMgX3UZ0ON6NiA==
  dependencies:
    reflect-metadata "^0.1.13"

"@nger/plain@^1.0.25":
  version "1.0.27"
  resolved "https://registry.yarnpkg.com/@nger/plain/-/plain-1.0.27.tgz#76fc13066902fb4cab882efc9942333369fa2b36"
  integrity sha512-EctZ/aycizkgVdc5O9SqkCkhGPXpbUIsM/tcdLsep4pKBba9bgg15jTYDakEjnU3MLaN+ybi3Jd8Xa3oYiVueg==
  dependencies:
    "@nger/decorator" "^1.0.1"

reflect-metadata@^0.1.13:
  version "0.1.13"
  resolved "https://registry.yarnpkg.com/reflect-metadata/-/reflect-metadata-0.1.13.tgz#67ae3ca57c972a2aa1642b10fe363fe32d49dc08"
  integrity sha512-Ts1Y/anZELhSsjMcU605fU9RE4Oi3p5ORujwbIKXfWa+0Zxs510Qrmrce5/Jowq3cHSZSJqBjypxmHarc+vEWg==
